// !$*UTF8*$!
{
	archiveVersion = 1;
	classes = {
	};
	objectVersion = 56;
	objects = {

/* Begin PBXBuildFile section */
		056D3A642C3F3B780029D933 /* Aula01App.swift in Sources */ = {isa = PBXBuildFile; fileRef = 056D3A632C3F3B780029D933 /* Aula01App.swift */; };
		056D3A662C3F3B780029D933 /* ContentView.swift in Sources */ = {isa = PBXBuildFile; fileRef = 056D3A652C3F3B780029D933 /* ContentView.swift */; };
		056D3A682C3F3B7A0029D933 /* Assets.xcassets in Resources */ = {isa = PBXBuildFile; fileRef = 056D3A672C3F3B7A0029D933 /* Assets.xcassets */; };
		056D3A6B2C3F3B7A0029D933 /* Preview Assets.xcassets in Resources */ = {isa = PBXBuildFile; fileRef = 056D3A6A2C3F3B7A0029D933 /* Preview Assets.xcassets */; };
		056D3A752C3F3B7A0029D933 /* Aula01Tests.swift in Sources */ = {isa = PBXBuildFile; fileRef = 056D3A742C3F3B7A0029D933 /* Aula01Tests.swift */; };
		056D3A7F2C3F3B7A0029D933 /* Aula01UITests.swift in Sources */ = {isa = PBXBuildFile; fileRef = 056D3A7E2C3F3B7A0029D933 /* Aula01UITests.swift */; };
		056D3A812C3F3B7A0029D933 /* Aula01UITestsLaunchTests.swift in Sources */ = {isa = PBXBuildFile; fileRef = 056D3A802C3F3B7A0029D933 /* Aula01UITestsLaunchTests.swift */; };
		056D3A902C3F41D30029D933 /* SwiftUIView.swift in Sources */ = {isa = PBXBuildFile; fileRef = 056D3A8F2C3F41D30029D933 /* SwiftUIView.swift */; };
		056D3A922C3F4E3B0029D933 /* SwiftUIView2.swift in Sources */ = {isa = PBXBuildFile; fileRef = 056D3A912C3F4E3B0029D933 /* SwiftUIView2.swift */; };
		05C2F8232C408D5B00B40D47 /* SwiftUIView3.swift in Sources */ = {isa = PBXBuildFile; fileRef = 05C2F8222C408D5B00B40D47 /* SwiftUIView3.swift */; };
		05C2F8252C40A7C000B40D47 /* SwiftUIView4.swift in Sources */ = {isa = PBXBuildFile; fileRef = 05C2F8242C40A7C000B40D47 /* SwiftUIView4.swift */; };
/* End PBXBuildFile section */

/* Begin PBXContainerItemProxy section */
		056D3A712C3F3B7A0029D933 /* PBXContainerItemProxy */ = {
			isa = PBXContainerItemProxy;
			containerPortal = 056D3A582C3F3B780029D933 /* Project object */;
			proxyType = 1;
			remoteGlobalIDString = 056D3A5F2C3F3B780029D933;
			remoteInfo = Aula01;
		};
		056D3A7B2C3F3B7A0029D933 /* PBXContainerItemProxy */ = {
			isa = PBXContainerItemProxy;
			containerPortal = 056D3A582C3F3B780029D933 /* Project object */;
			proxyType = 1;
			remoteGlobalIDString = 056D3A5F2C3F3B780029D933;
			remoteInfo = Aula01;
		};
/* End PBXContainerItemProxy section */

/* Begin PBXFileReference section */
		056D3A602C3F3B780029D933 /* Aula01.app */ = {isa = PBXFileReference; explicitFileType = wrapper.application; includeInIndex = 0; path = Aula01.app; sourceTree = BUILT_PRODUCTS_DIR; };
		056D3A632C3F3B780029D933 /* Aula01App.swift */ = {isa = PBXFileReference; lastKnownFileType = sourcecode.swift; path = Aula01App.swift; sourceTree = "<group>"; };
		056D3A652C3F3B780029D933 /* ContentView.swift */ = {isa = PBXFileReference; lastKnownFileType = sourcecode.swift; path = ContentView.swift; sourceTree = "<group>"; };
		056D3A672C3F3B7A0029D933 /* Assets.xcassets */ = {isa = PBXFileReference; lastKnownFileType = folder.assetcatalog; path = Assets.xcassets; sourceTree = "<group>"; };
		056D3A6A2C3F3B7A0029D933 /* Preview Assets.xcassets */ = {isa = PBXFileReference; lastKnownFileType = folder.assetcatalog; path = "Preview Assets.xcassets"; sourceTree = "<group>"; };
		056D3A702C3F3B7A0029D933 /* Aula01Tests.xctest */ = {isa = PBXFileReference; explicitFileType = wrapper.cfbundle; includeInIndex = 0; path = Aula01Tests.xctest; sourceTree = BUILT_PRODUCTS_DIR; };
		056D3A742C3F3B7A0029D933 /* Aula01Tests.swift */ = {isa = PBXFileReference; lastKnownFileType = sourcecode.swift; path = Aula01Tests.swift; sourceTree = "<group>"; };
		056D3A7A2C3F3B7A0029D933 /* Aula01UITests.xctest */ = {isa = PBXFileReference; explicitFileType = wrapper.cfbundle; includeInIndex = 0; path = Aula01UITests.xctest; sourceTree = BUILT_PRODUCTS_DIR; };
		056D3A7E2C3F3B7A0029D933 /* Aula01UITests.swift */ = {isa = PBXFileReference; lastKnownFileType = sourcecode.swift; path = Aula01UITests.swift; sourceTree = "<group>"; };
		056D3A802C3F3B7A0029D933 /* Aula01UITestsLaunchTests.swift */ = {isa = PBXFileReference; lastKnownFileType = sourcecode.swift; path = Aula01UITestsLaunchTests.swift; sourceTree = "<group>"; };
		056D3A8F2C3F41D30029D933 /* SwiftUIView.swift */ = {isa = PBXFileReference; lastKnownFileType = sourcecode.swift; path = SwiftUIView.swift; sourceTree = "<group>"; };
		056D3A912C3F4E3B0029D933 /* SwiftUIView2.swift */ = {isa = PBXFileReference; lastKnownFileType = sourcecode.swift; path = SwiftUIView2.swift; sourceTree = "<group>"; };
		05C2F8222C408D5B00B40D47 /* SwiftUIView3.swift */ = {isa = PBXFileReference; lastKnownFileType = sourcecode.swift; path = SwiftUIView3.swift; sourceTree = "<group>"; };
		05C2F8242C40A7C000B40D47 /* SwiftUIView4.swift */ = {isa = PBXFileReference; lastKnownFileType = sourcecode.swift; path = SwiftUIView4.swift; sourceTree = "<group>"; };
/* End PBXFileReference section */

/* Begin PBXFrameworksBuildPhase section */
		056D3A5D2C3F3B780029D933 /* Frameworks */ = {
			isa = PBXFrameworksBuildPhase;
			buildActionMask = 2147483647;
			files = (
			);
			runOnlyForDeploymentPostprocessing = 0;
		};
		056D3A6D2C3F3B7A0029D933 /* Frameworks */ = {
			isa = PBXFrameworksBuildPhase;
			buildActionMask = 2147483647;
			files = (
			);
			runOnlyForDeploymentPostprocessing = 0;
		};
		056D3A772C3F3B7A0029D933 /* Frameworks */ = {
			isa = PBXFrameworksBuildPhase;
			buildActionMask = 2147483647;
			files = (
			);
			runOnlyForDeploymentPostprocessing = 0;
		};
/* End PBXFrameworksBuildPhase section */

/* Begin PBXGroup section */
		056D3A572C3F3B780029D933 = {
			isa = PBXGroup;
			children = (
				05C2F8242C40A7C000B40D47 /* SwiftUIView4.swift */,
				05C2F8222C408D5B00B40D47 /* SwiftUIView3.swift */,
				056D3A912C3F4E3B0029D933 /* SwiftUIView2.swift */,
				056D3A8F2C3F41D30029D933 /* SwiftUIView.swift */,
				056D3A622C3F3B780029D933 /* Aula01 */,
				056D3A732C3F3B7A0029D933 /* Aula01Tests */,
				056D3A7D2C3F3B7A0029D933 /* Aula01UITests */,
				056D3A612C3F3B780029D933 /* Products */,
			);
			sourceTree = "<group>";
		};
		056D3A612C3F3B780029D933 /* Products */ = {
			isa = PBXGroup;
			children = (
				056D3A602C3F3B780029D933 /* Aula01.app */,
				056D3A702C3F3B7A0029D933 /* Aula01Tests.xctest */,
				056D3A7A2C3F3B7A0029D933 /* Aula01UITests.xctest */,
			);
			name = Products;
			sourceTree = "<group>";
		};
		056D3A622C3F3B780029D933 /* Aula01 */ = {
			isa = PBXGroup;
			children = (
				056D3A632C3F3B780029D933 /* Aula01App.swift */,
				056D3A652C3F3B780029D933 /* ContentView.swift */,
				056D3A672C3F3B7A0029D933 /* Assets.xcassets */,
				056D3A692C3F3B7A0029D933 /* Preview Content */,
			);
			path = Aula01;
			sourceTree = "<group>";
		};
		056D3A692C3F3B7A0029D933 /* Preview Content */ = {
			isa = PBXGroup;
			children = (
				056D3A6A2C3F3B7A0029D933 /* Preview Assets.xcassets */,
			);
			path = "Preview Content";
			sourceTree = "<group>";
		};
		056D3A732C3F3B7A0029D933 /* Aula01Tests */ = {
			isa = PBXGroup;
			children = (
				056D3A742C3F3B7A0029D933 /* Aula01Tests.swift */,
			);
			path = Aula01Tests;
			sourceTree = "<group>";
		};
		056D3A7D2C3F3B7A0029D933 /* Aula01UITests */ = {
			isa = PBXGroup;
			children = (
				056D3A7E2C3F3B7A0029D933 /* Aula01UITests.swift */,
				056D3A802C3F3B7A0029D933 /* Aula01UITestsLaunchTests.swift */,
			);
			path = Aula01UITests;
			sourceTree = "<group>";
		};
/* End PBXGroup section */

/* Begin PBXNativeTarget section */
		056D3A5F2C3F3B780029D933 /* Aula01 */ = {
			isa = PBXNativeTarget;
			buildConfigurationList = 056D3A842C3F3B7A0029D933 /* Build configuration list for PBXNativeTarget "Aula01" */;
			buildPhases = (
				056D3A5C2C3F3B780029D933 /* Sources */,
				056D3A5D2C3F3B780029D933 /* Frameworks */,
				056D3A5E2C3F3B780029D933 /* Resources */,
			);
			buildRules = (
			);
			dependencies = (
			);
			name = Aula01;
			productName = Aula01;
			productReference = 056D3A602C3F3B780029D933 /* Aula01.app */;
			productType = "com.apple.product-type.application";
		};
		056D3A6F2C3F3B7A0029D933 /* Aula01Tests */ = {
			isa = PBXNativeTarget;
			buildConfigurationList = 056D3A872C3F3B7A0029D933 /* Build configuration list for PBXNativeTarget "Aula01Tests" */;
			buildPhases = (
				056D3A6C2C3F3B7A0029D933 /* Sources */,
				056D3A6D2C3F3B7A0029D933 /* Frameworks */,
				056D3A6E2C3F3B7A0029D933 /* Resources */,
			);
			buildRules = (
			);
			dependencies = (
				056D3A722C3F3B7A0029D933 /* PBXTargetDependency */,
			);
			name = Aula01Tests;
			productName = Aula01Tests;
			productReference = 056D3A702C3F3B7A0029D933 /* Aula01Tests.xctest */;
			productType = "com.apple.product-type.bundle.unit-test";
		};
		056D3A792C3F3B7A0029D933 /* Aula01UITests */ = {
			isa = PBXNativeTarget;
			buildConfigurationList = 056D3A8A2C3F3B7A0029D933 /* Build configuration list for PBXNativeTarget "Aula01UITests" */;
			buildPhases = (
				056D3A762C3F3B7A0029D933 /* Sources */,
				056D3A772C3F3B7A0029D933 /* Frameworks */,
				056D3A782C3F3B7A0029D933 /* Resources */,
			);
			buildRules = (
			);
			dependencies = (
				056D3A7C2C3F3B7A0029D933 /* PBXTargetDependency */,
			);
			name = Aula01UITests;
			productName = Aula01UITests;
			productReference = 056D3A7A2C3F3B7A0029D933 /* Aula01UITests.xctest */;
			productType = "com.apple.product-type.bundle.ui-testing";
		};
/* End PBXNativeTarget section */

/* Begin PBXProject section */
		056D3A582C3F3B780029D933 /* Project object */ = {
			isa = PBXProject;
			attributes = {
				BuildIndependentTargetsInParallel = 1;
				LastSwiftUpdateCheck = 1540;
				LastUpgradeCheck = 1540;
				TargetAttributes = {
					056D3A5F2C3F3B780029D933 = {
						CreatedOnToolsVersion = 15.4;
					};
					056D3A6F2C3F3B7A0029D933 = {
						CreatedOnToolsVersion = 15.4;
						TestTargetID = 056D3A5F2C3F3B780029D933;
					};
					056D3A792C3F3B7A0029D933 = {
						CreatedOnToolsVersion = 15.4;
						TestTargetID = 056D3A5F2C3F3B780029D933;
					};
				};
			};
			buildConfigurationList = 056D3A5B2C3F3B780029D933 /* Build configuration list for PBXProject "Aula01" */;
			compatibilityVersion = "Xcode 14.0";
			developmentRegion = en;
			hasScannedForEncodings = 0;
			knownRegions = (
				en,
				Base,
			);
			mainGroup = 056D3A572C3F3B780029D933;
			productRefGroup = 056D3A612C3F3B780029D933 /* Products */;
			projectDirPath = "";
			projectRoot = "";
			targets = (
				056D3A5F2C3F3B780029D933 /* Aula01 */,
				056D3A6F2C3F3B7A0029D933 /* Aula01Tests */,
				056D3A792C3F3B7A0029D933 /* Aula01UITests */,
			);
		};
/* End PBXProject section */

/* Begin PBXResourcesBuildPhase section */
		056D3A5E2C3F3B780029D933 /* Resources */ = {
			isa = PBXResourcesBuildPhase;
			buildActionMask = 2147483647;
			files = (
				056D3A6B2C3F3B7A0029D933 /* Preview Assets.xcassets in Resources */,
				056D3A682C3F3B7A0029D933 /* Assets.xcassets in Resources */,
			);
			runOnlyForDeploymentPostprocessing = 0;
		};
		056D3A6E2C3F3B7A0029D933 /* Resources */ = {
			isa = PBXResourcesBuildPhase;
			buildActionMask = 2147483647;
			files = (
			);
			runOnlyForDeploymentPostprocessing = 0;
		};
		056D3A782C3F3B7A0029D933 /* Resources */ = {
			isa = PBXResourcesBuildPhase;
			buildActionMask = 2147483647;
			files = (
			);
			runOnlyForDeploymentPostprocessing = 0;
		};
/* End PBXResourcesBuildPhase section */

/* Begin PBXSourcesBuildPhase section */
		056D3A5C2C3F3B780029D933 /* Sources */ = {
			isa = PBXSourcesBuildPhase;
			buildActionMask = 2147483647;
			files = (
				056D3A662C3F3B780029D933 /* ContentView.swift in Sources */,
				056D3A922C3F4E3B0029D933 /* SwiftUIView2.swift in Sources */,
				05C2F8232C408D5B00B40D47 /* SwiftUIView3.swift in Sources */,
				056D3A642C3F3B780029D933 /* Aula01App.swift in Sources */,
				056D3A902C3F41D30029D933 /* SwiftUIView.swift in Sources */,
				05C2F8252C40A7C000B40D47 /* SwiftUIView4.swift in Sources */,
			);
			runOnlyForDeploymentPostprocessing = 0;
		};
		056D3A6C2C3F3B7A0029D933 /* Sources */ = {
			isa = PBXSourcesBuildPhase;
			buildActionMask = 2147483647;
			files = (
				056D3A752C3F3B7A0029D933 /* Aula01Tests.swift in Sources */,
			);
			runOnlyForDeploymentPostprocessing = 0;
		};
		056D3A762C3F3B7A0029D933 /* Sources */ = {
			isa = PBXSourcesBuildPhase;
			buildActionMask = 2147483647;
			files = (
				056D3A812C3F3B7A0029D933 /* Aula01UITestsLaunchTests.swift in Sources */,
				056D3A7F2C3F3B7A0029D933 /* Aula01UITests.swift in Sources */,
			);
			runOnlyForDeploymentPostprocessing = 0;
		};
/* End PBXSourcesBuildPhase section */

/* Begin PBXTargetDependency section */
		056D3A722C3F3B7A0029D933 /* PBXTargetDependency */ = {
			isa = PBXTargetDependency;
			target = 056D3A5F2C3F3B780029D933 /* Aula01 */;
			targetProxy = 056D3A712C3F3B7A0029D933 /* PBXContainerItemProxy */;
		};
		056D3A7C2C3F3B7A0029D933 /* PBXTargetDependency */ = {
			isa = PBXTargetDependency;
			target = 056D3A5F2C3F3B780029D933 /* Aula01 */;
			targetProxy = 056D3A7B2C3F3B7A0029D933 /* PBXContainerItemProxy */;
		};
/* End PBXTargetDependency section */

/* Begin XCBuildConfiguration section */
		056D3A822C3F3B7A0029D933 /* Debug */ = {
			isa = XCBuildConfiguration;
			buildSettings = {
				ALWAYS_SEARCH_USER_PATHS = NO;
				ASSETCATALOG_COMPILER_GENERATE_SWIFT_ASSET_SYMBOL_EXTENSIONS = YES;
				CLANG_ANALYZER_NONNULL = YES;
				CLANG_ANALYZER_NUMBER_OBJECT_CONVERSION = YES_AGGRESSIVE;
				CLANG_CXX_LANGUAGE_STANDARD = "gnu++20";
				CLANG_ENABLE_MODULES = YES;
				CLANG_ENABLE_OBJC_ARC = YES;
				CLANG_ENABLE_OBJC_WEAK = YES;
				CLANG_WARN_BLOCK_CAPTURE_AUTORELEASING = YES;
				CLANG_WARN_BOOL_CONVERSION = YES;
				CLANG_WARN_COMMA = YES;
				CLANG_WARN_CONSTANT_CONVERSION = YES;
				CLANG_WARN_DEPRECATED_OBJC_IMPLEMENTATIONS = YES;
				CLANG_WARN_DIRECT_OBJC_ISA_USAGE = YES_ERROR;
				CLANG_WARN_DOCUMENTATION_COMMENTS = YES;
				CLANG_WARN_EMPTY_BODY = YES;
				CLANG_WARN_ENUM_CONVERSION = YES;
				CLANG_WARN_INFINITE_RECURSION = YES;
				CLANG_WARN_INT_CONVERSION = YES;
				CLANG_WARN_NON_LITERAL_NULL_CONVERSION = YES;
				CLANG_WARN_OBJC_IMPLICIT_RETAIN_SELF = YES;
				CLANG_WARN_OBJC_LITERAL_CONVERSION = YES;
				CLANG_WARN_OBJC_ROOT_CLASS = YES_ERROR;
				CLANG_WARN_QUOTED_INCLUDE_IN_FRAMEWORK_HEADER = YES;
				CLANG_WARN_RANGE_LOOP_ANALYSIS = YES;
				CLANG_WARN_STRICT_PROTOTYPES = YES;
				CLANG_WARN_SUSPICIOUS_MOVE = YES;
				CLANG_WARN_UNGUARDED_AVAILABILITY = YES_AGGRESSIVE;
				CLANG_WARN_UNREACHABLE_CODE = YES;
				CLANG_WARN__DUPLICATE_METHOD_MATCH = YES;
				COPY_PHASE_STRIP = NO;
				DEBUG_INFORMATION_FORMAT = dwarf;
				ENABLE_STRICT_OBJC_MSGSEND = YES;
				ENABLE_TESTABILITY = YES;
				ENABLE_USER_SCRIPT_SANDBOXING = YES;
				GCC_C_LANGUAGE_STANDARD = gnu17;
				GCC_DYNAMIC_NO_PIC = NO;
				GCC_NO_COMMON_BLOCKS = YES;
				GCC_OPTIMIZATION_LEVEL = 0;
				GCC_PREPROCESSOR_DEFINITIONS = (
					"DEBUG=1",
					"$(inherited)",
				);
				GCC_WARN_64_TO_32_BIT_CONVERSION = YES;
				GCC_WARN_ABOUT_RETURN_TYPE = YES_ERROR;
				GCC_WARN_UNDECLARED_SELECTOR = YES;
				GCC_WARN_UNINITIALIZED_AUTOS = YES_AGGRESSIVE;
				GCC_WARN_UNUSED_FUNCTION = YES;
				GCC_WARN_UNUSED_VARIABLE = YES;
				IPHONEOS_DEPLOYMENT_TARGET = 17.5;
				LOCALIZATION_PREFERS_STRING_CATALOGS = YES;
				MTL_ENABLE_DEBUG_INFO = INCLUDE_SOURCE;
				MTL_FAST_MATH = YES;
				ONLY_ACTIVE_ARCH = YES;
				SDKROOT = iphoneos;
				SWIFT_ACTIVE_COMPILATION_CONDITIONS = "DEBUG $(inherited)";
				SWIFT_OPTIMIZATION_LEVEL = "-Onone";
			};
			name = Debug;
		};
		056D3A832C3F3B7A0029D933 /* Release */ = {
			isa = XCBuildConfiguration;
			buildSettings = {
				ALWAYS_SEARCH_USER_PATHS = NO;
				ASSETCATALOG_COMPILER_GENERATE_SWIFT_ASSET_SYMBOL_EXTENSIONS = YES;
				CLANG_ANALYZER_NONNULL = YES;
				CLANG_ANALYZER_NUMBER_OBJECT_CONVERSION = YES_AGGRESSIVE;
				CLANG_CXX_LANGUAGE_STANDARD = "gnu++20";
				CLANG_ENABLE_MODULES = YES;
				CLANG_ENABLE_OBJC_ARC = YES;
				CLANG_ENABLE_OBJC_WEAK = YES;
				CLANG_WARN_BLOCK_CAPTURE_AUTORELEASING = YES;
				CLANG_WARN_BOOL_CONVERSION = YES;
				CLANG_WARN_COMMA = YES;
				CLANG_WARN_CONSTANT_CONVERSION = YES;
				CLANG_WARN_DEPRECATED_OBJC_IMPLEMENTATIONS = YES;
				CLANG_WARN_DIRECT_OBJC_ISA_USAGE = YES_ERROR;
				CLANG_WARN_DOCUMENTATION_COMMENTS = YES;
				CLANG_WARN_EMPTY_BODY = YES;
				CLANG_WARN_ENUM_CONVERSION = YES;
				CLANG_WARN_INFINITE_RECURSION = YES;
				CLANG_WARN_INT_CONVERSION = YES;
				CLANG_WARN_NON_LITERAL_NULL_CONVERSION = YES;
				CLANG_WARN_OBJC_IMPLICIT_RETAIN_SELF = YES;
				CLANG_WARN_OBJC_LITERAL_CONVERSION = YES;
				CLANG_WARN_OBJC_ROOT_CLASS = YES_ERROR;
				CLANG_WARN_QUOTED_INCLUDE_IN_FRAMEWORK_HEADER = YES;
				CLANG_WARN_RANGE_LOOP_ANALYSIS = YES;
				CLANG_WARN_STRICT_PROTOTYPES = YES;
				CLANG_WARN_SUSPICIOUS_MOVE = YES;
				CLANG_WARN_UNGUARDED_AVAILABILITY = YES_AGGRESSIVE;
				CLANG_WARN_UNREACHABLE_CODE = YES;
				CLANG_WARN__DUPLICATE_METHOD_MATCH = YES;
				COPY_PHASE_STRIP = NO;
				DEBUG_INFORMATION_FORMAT = "dwarf-with-dsym";
				ENABLE_NS_ASSERTIONS = NO;
				ENABLE_STRICT_OBJC_MSGSEND = YES;
				ENABLE_USER_SCRIPT_SANDBOXING = YES;
				GCC_C_LANGUAGE_STANDARD = gnu17;
				GCC_NO_COMMON_BLOCKS = YES;
				GCC_WARN_64_TO_32_BIT_CONVERSION = YES;
				GCC_WARN_ABOUT_RETURN_TYPE = YES_ERROR;
				GCC_WARN_UNDECLARED_SELECTOR = YES;
				GCC_WARN_UNINITIALIZED_AUTOS = YES_AGGRESSIVE;
				GCC_WARN_UNUSED_FUNCTION = YES;
				GCC_WARN_UNUSED_VARIABLE = YES;
				IPHONEOS_DEPLOYMENT_TARGET = 17.5;
				LOCALIZATION_PREFERS_STRING_CATALOGS = YES;
				MTL_ENABLE_DEBUG_INFO = NO;
				MTL_FAST_MATH = YES;
				SDKROOT = iphoneos;
				SWIFT_COMPILATION_MODE = wholemodule;
				VALIDATE_PRODUCT = YES;
			};
			name = Release;
		};
		056D3A852C3F3B7A0029D933 /* Debug */ = {
			isa = XCBuildConfiguration;
			buildSettings = {
				ASSETCATALOG_COMPILER_APPICON_NAME = AppIcon;
				ASSETCATALOG_COMPILER_GLOBAL_ACCENT_COLOR_NAME = AccentColor;
				CODE_SIGN_STYLE = Automatic;
				CURRENT_PROJECT_VERSION = 1;
				DEVELOPMENT_ASSET_PATHS = "\"Aula01/Preview Content\"";
				ENABLE_PREVIEWS = YES;
				GENERATE_INFOPLIST_FILE = YES;
				INFOPLIST_KEY_UIApplicationSceneManifest_Generation = YES;
				INFOPLIST_KEY_UIApplicationSupportsIndirectInputEvents = YES;
				INFOPLIST_KEY_UILaunchScreen_Generation = YES;
				INFOPLIST_KEY_UISupportedInterfaceOrientations_iPad = "UIInterfaceOrientationPortrait UIInterfaceOrientationPortraitUpsideDown UIInterfaceOrientationLandscapeLeft UIInterfaceOrientationLandscapeRight";
				INFOPLIST_KEY_UISupportedInterfaceOrientations_iPhone = "UIInterfaceOrientationPortrait UIInterfaceOrientationLandscapeLeft UIInterfaceOrientationLandscapeRight";
				LD_RUNPATH_SEARCH_PATHS = (
					"$(inherited)",
					"@executable_path/Frameworks",
				);
				MARKETING_VERSION = 1.0;
				PRODUCT_BUNDLE_IDENTIFIER = harlon.Aula01;
				PRODUCT_NAME = "$(TARGET_NAME)";
				SWIFT_EMIT_LOC_STRINGS = YES;
				SWIFT_VERSION = 5.0;
				TARGETED_DEVICE_FAMILY = "1,2";
			};
			name = Debug;
		};
		056D3A862C3F3B7A0029D933 /* Release */ = {
			isa = XCBuildConfiguration;
			buildSettings = {
				ASSETCATALOG_COMPILER_APPICON_NAME = AppIcon;
				ASSETCATALOG_COMPILER_GLOBAL_ACCENT_COLOR_NAME = AccentColor;
				CODE_SIGN_STYLE = Automatic;
				CURRENT_PROJECT_VERSION = 1;
				DEVELOPMENT_ASSET_PATHS = "\"Aula01/Preview Content\"";
				ENABLE_PREVIEWS = YES;
				GENERATE_INFOPLIST_FILE = YES;
				INFOPLIST_KEY_UIApplicationSceneManifest_Generation = YES;
				INFOPLIST_KEY_UIApplicationSupportsIndirectInputEvents = YES;
				INFOPLIST_KEY_UILaunchScreen_Generation = YES;
				INFOPLIST_KEY_UISupportedInterfaceOrientations_iPad = "UIInterfaceOrientationPortrait UIInterfaceOrientationPortraitUpsideDown UIInterfaceOrientationLandscapeLeft UIInterfaceOrientationLandscapeRight";
				INFOPLIST_KEY_UISupportedInterfaceOrientations_iPhone = "UIInterfaceOrientationPortrait UIInterfaceOrientationLandscapeLeft UIInterfaceOrientationLandscapeRight";
				LD_RUNPATH_SEARCH_PATHS = (
					"$(inherited)",
					"@executable_path/Frameworks",
				);
				MARKETING_VERSION = 1.0;
				PRODUCT_BUNDLE_IDENTIFIER = harlon.Aula01;
				PRODUCT_NAME = "$(TARGET_NAME)";
				SWIFT_EMIT_LOC_STRINGS = YES;
				SWIFT_VERSION = 5.0;
				TARGETED_DEVICE_FAMILY = "1,2";
			};
			name = Release;
		};
		056D3A882C3F3B7A0029D933 /* Debug */ = {
			isa = XCBuildConfiguration;
			buildSettings = {
				ALWAYS_EMBED_SWIFT_STANDARD_LIBRARIES = YES;
				BUNDLE_LOADER = "$(TEST_HOST)";
				CODE_SIGN_STYLE = Automatic;
				CURRENT_PROJECT_VERSION = 1;
				GENERATE_INFOPLIST_FILE = YES;
				IPHONEOS_DEPLOYMENT_TARGET = 17.5;
				MARKETING_VERSION = 1.0;
				PRODUCT_BUNDLE_IDENTIFIER = harlon.Aula01Tests;
				PRODUCT_NAME = "$(TARGET_NAME)";
				SWIFT_EMIT_LOC_STRINGS = NO;
				SWIFT_VERSION = 5.0;
				TARGETED_DEVICE_FAMILY = "1,2";
				TEST_HOST = "$(BUILT_PRODUCTS_DIR)/Aula01.app/$(BUNDLE_EXECUTABLE_FOLDER_PATH)/Aula01";
			};
			name = Debug;
		};
		056D3A892C3F3B7A0029D933 /* Release */ = {
			isa = XCBuildConfiguration;
			buildSettings = {
				ALWAYS_EMBED_SWIFT_STANDARD_LIBRARIES = YES;
				BUNDLE_LOADER = "$(TEST_HOST)";
				CODE_SIGN_STYLE = Automatic;
				CURRENT_PROJECT_VERSION = 1;
				GENERATE_INFOPLIST_FILE = YES;
				IPHONEOS_DEPLOYMENT_TARGET = 17.5;
				MARKETING_VERSION = 1.0;
				PRODUCT_BUNDLE_IDENTIFIER = harlon.Aula01Tests;
				PRODUCT_NAME = "$(TARGET_NAME)";
				SWIFT_EMIT_LOC_STRINGS = NO;
				SWIFT_VERSION = 5.0;
				TARGETED_DEVICE_FAMILY = "1,2";
				TEST_HOST = "$(BUILT_PRODUCTS_DIR)/Aula01.app/$(BUNDLE_EXECUTABLE_FOLDER_PATH)/Aula01";
			};
			name = Release;
		};
		056D3A8B2C3F3B7A0029D933 /* Debug */ = {
			isa = XCBuildConfiguration;
			buildSettings = {
				ALWAYS_EMBED_SWIFT_STANDARD_LIBRARIES = YES;
				CODE_SIGN_STYLE = Automatic;
				CURRENT_PROJECT_VERSION = 1;
				GENERATE_INFOPLIST_FILE = YES;
				MARKETING_VERSION = 1.0;
				PRODUCT_BUNDLE_IDENTIFIER = harlon.Aula01UITests;
				PRODUCT_NAME = "$(TARGET_NAME)";
				SWIFT_EMIT_LOC_STRINGS = NO;
				SWIFT_VERSION = 5.0;
				TARGETED_DEVICE_FAMILY = "1,2";
				TEST_TARGET_NAME = Aula01;
			};
			name = Debug;
		};
		056D3A8C2C3F3B7A0029D933 /* Release */ = {
			isa = XCBuildConfiguration;
			buildSettings = {
				ALWAYS_EMBED_SWIFT_STANDARD_LIBRARIES = YES;
				CODE_SIGN_STYLE = Automatic;
				CURRENT_PROJECT_VERSION = 1;
				GENERATE_INFOPLIST_FILE = YES;
				MARKETING_VERSION = 1.0;
				PRODUCT_BUNDLE_IDENTIFIER = harlon.Aula01UITests;
				PRODUCT_NAME = "$(TARGET_NAME)";
				SWIFT_EMIT_LOC_STRINGS = NO;
				SWIFT_VERSION = 5.0;
				TARGETED_DEVICE_FAMILY = "1,2";
				TEST_TARGET_NAME = Aula01;
			};
			name = Release;
		};
/* End XCBuildConfiguration section */

/* Begin XCConfigurationList section */
		056D3A5B2C3F3B780029D933 /* Build configuration list for PBXProject "Aula01" */ = {
			isa = XCConfigurationList;
			buildConfigurations = (
				056D3A822C3F3B7A0029D933 /* Debug */,
				056D3A832C3F3B7A0029D933 /* Release */,
			);
			defaultConfigurationIsVisible = 0;
			defaultConfigurationName = Release;
		};
		056D3A842C3F3B7A0029D933 /* Build configuration list for PBXNativeTarget "Aula01" */ = {
			isa = XCConfigurationList;
			buildConfigurations = (
				056D3A852C3F3B7A0029D933 /* Debug */,
				056D3A862C3F3B7A0029D933 /* Release */,
			);
			defaultConfigurationIsVisible = 0;
			defaultConfigurationName = Release;
		};
		056D3A872C3F3B7A0029D933 /* Build configuration list for PBXNativeTarget "Aula01Tests" */ = {
			isa = XCConfigurationList;
			buildConfigurations = (
				056D3A882C3F3B7A0029D933 /* Debug */,
				056D3A892C3F3B7A0029D933 /* Release */,
			);
			defaultConfigurationIsVisible = 0;
			defaultConfigurationName = Release;
		};
		056D3A8A2C3F3B7A0029D933 /* Build configuration list for PBXNativeTarget "Aula01UITests" */ = {
			isa = XCConfigurationList;
			buildConfigurations = (
				056D3A8B2C3F3B7A0029D933 /* Debug */,
				056D3A8C2C3F3B7A0029D933 /* Release */,
			);
			defaultConfigurationIsVisible = 0;
			defaultConfigurationName = Release;
		};
/* End XCConfigurationList section */
	};
	rootObject = 056D3A582C3F3B780029D933 /* Project object */;
}
